
Microsoft Visual Studio Solution File, Format Version 12.00
# Visual Studio Express 2012 for Web
Project("{E24C65DC-7377-472B-9ABA-BC803B73C61A}") = "VB", "VB\", "{E8E86C00-B1B2-4EFD-8B1B-6E84AC7EAEA4}"
	ProjectSection(WebsiteProperties) = preProject
		TargetFrameworkMoniker = ".NETFramework,Version%3Dv4.0"
		Debug.AspNetCompiler.VirtualPath = "/WYSIWYG"
		Debug.AspNetCompiler.PhysicalPath = "VB\"
		Debug.AspNetCompiler.TargetPath = "PrecompiledWeb\WYSIWYG\"
		Debug.AspNetCompiler.Updateable = "true"
		Debug.AspNetCompiler.ForceOverwrite = "true"
		Debug.AspNetCompiler.FixedNames = "false"
		Debug.AspNetCompiler.Debug = "True"
		Release.AspNetCompiler.VirtualPath = "/WYSIWYG"
		Release.AspNetCompiler.PhysicalPath = "VB\"
		Release.AspNetCompiler.TargetPath = "PrecompiledWeb\WYSIWYG\"
		Release.AspNetCompiler.Updateable = "true"
		Release.AspNetCompiler.ForceOverwrite = "true"
		Release.AspNetCompiler.FixedNames = "false"
		Release.AspNetCompiler.Debug = "False"
		VWDPort = "51343"
	EndProjectSection
EndProject
Global
	GlobalSection(SolutionConfigurationPlatforms) = preSolution
		Debug|Any CPU = Debug|Any CPU
	EndGlobalSection
	GlobalSection(ProjectConfigurationPlatforms) = postSolution
		{E8E86C00-B1B2-4EFD-8B1B-6E84AC7EAEA4}.Debug|Any CPU.ActiveCfg = Debug|Any CPU
		{E8E86C00-B1B2-4EFD-8B1B-6E84AC7EAEA4}.Debug|Any CPU.Build.0 = Debug|Any CPU
	EndGlobalSection
	GlobalSection(SolutionProperties) = preSolution
		HideSolutionNode = FALSE
	EndGlobalSection
EndGlobal
