
Microsoft Visual Studio Solution File, Format Version 12.00
# Visual Studio Express 2012 for Web
Project("{E24C65DC-7377-472B-9ABA-BC803B73C61A}") = "C sharp", "..\..\..\..\SkyDrive\Documenti\Developer\Sergenti\WYSIWYG editor\C sharp\", "{7E70F373-2124-4518-AA7D-C52D6269796A}"
	ProjectSection(WebsiteProperties) = preProject
		TargetFrameworkMoniker = ".NETFramework,Version%3Dv4.0"
		Debug.AspNetCompiler.VirtualPath = "/C sharp"
		Debug.AspNetCompiler.PhysicalPath = "..\..\..\..\SkyDrive\Documenti\Developer\Sergenti\WYSIWYG editor\C sharp\"
		Debug.AspNetCompiler.TargetPath = "PrecompiledWeb\C sharp\"
		Debug.AspNetCompiler.Updateable = "true"
		Debug.AspNetCompiler.ForceOverwrite = "true"
		Debug.AspNetCompiler.FixedNames = "false"
		Debug.AspNetCompiler.Debug = "True"
		Release.AspNetCompiler.VirtualPath = "/C sharp"
		Release.AspNetCompiler.PhysicalPath = "..\..\..\..\SkyDrive\Documenti\Developer\Sergenti\WYSIWYG editor\C sharp\"
		Release.AspNetCompiler.TargetPath = "PrecompiledWeb\C sharp\"
		Release.AspNetCompiler.Updateable = "true"
		Release.AspNetCompiler.ForceOverwrite = "true"
		Release.AspNetCompiler.FixedNames = "false"
		Release.AspNetCompiler.Debug = "False"
		VWDPort = "52443"
	EndProjectSection
EndProject
Global
	GlobalSection(SolutionConfigurationPlatforms) = preSolution
		Debug|Any CPU = Debug|Any CPU
	EndGlobalSection
	GlobalSection(ProjectConfigurationPlatforms) = postSolution
		{7E70F373-2124-4518-AA7D-C52D6269796A}.Debug|Any CPU.ActiveCfg = Debug|Any CPU
		{7E70F373-2124-4518-AA7D-C52D6269796A}.Debug|Any CPU.Build.0 = Debug|Any CPU
	EndGlobalSection
	GlobalSection(SolutionProperties) = preSolution
		HideSolutionNode = FALSE
	EndGlobalSection
EndGlobal
